
Microsoft Visual Studio Solution File, Format Version 12.00
# Visual Studio Version 17
VisualStudioVersion = 17.13.35825.156
MinimumVisualStudioVersion = 10.0.40219.1
Project("{FAE04EC0-301F-11D3-BF4B-00C04F79EFBC}") = "LinkTagHelperMemoryLeak", "LinkTagHelperMemoryLeak\LinkTagHelperMemoryLeak.csproj", "{2221552B-F697-1F62-2E11-7AD37D8BB667}"
EndProject
Project("{FAE04EC0-301F-11D3-BF4B-00C04F79EFBC}") = "Tests", "Tests\Tests.csproj", "{9CF47860-2CEA-F379-09D8-9AEF27965D12}"
EndProject
Global
	GlobalSection(SolutionConfigurationPlatforms) = preSolution
		Debug|Any CPU = Debug|Any CPU
		Release|Any CPU = Release|Any CPU
	EndGlobalSection
	GlobalSection(ProjectConfigurationPlatforms) = postSolution
		{2221552B-F697-1F62-2E11-7AD37D8BB667}.Debug|Any CPU.ActiveCfg = Debug|Any CPU
		{2221552B-F697-1F62-2E11-7AD37D8BB667}.Debug|Any CPU.Build.0 = Debug|Any CPU
		{2221552B-F697-1F62-2E11-7AD37D8BB667}.Release|Any CPU.ActiveCfg = Release|Any CPU
		{2221552B-F697-1F62-2E11-7AD37D8BB667}.Release|Any CPU.Build.0 = Release|Any CPU
		{9CF47860-2CEA-F379-09D8-9AEF27965D12}.Debug|Any CPU.ActiveCfg = Debug|Any CPU
		{9CF47860-2CEA-F379-09D8-9AEF27965D12}.Debug|Any CPU.Build.0 = Debug|Any CPU
		{9CF47860-2CEA-F379-09D8-9AEF27965D12}.Release|Any CPU.ActiveCfg = Release|Any CPU
		{9CF47860-2CEA-F379-09D8-9AEF27965D12}.Release|Any CPU.Build.0 = Release|Any CPU
	EndGlobalSection
	GlobalSection(SolutionProperties) = preSolution
		HideSolutionNode = FALSE
	EndGlobalSection
	GlobalSection(ExtensibilityGlobals) = postSolution
		SolutionGuid = {7259B65B-653F-4156-B91D-395C220A036E}
	EndGlobalSection
EndGlobal
